
Microsoft Visual Studio Solution File, Format Version 12.00
# Visual Studio Version 17
VisualStudioVersion = 17.3.32811.315
MinimumVisualStudioVersion = 10.0.40219.1
Project("{FAE04EC0-301F-11D3-BF4B-00C04F79EFBC}") = "SNAD EXAM", "SNAD EXAM\SNAD EXAM.csproj", "{31C143AB-77BC-4F91-B87A-D786F696539F}"
EndProject
Global
	GlobalSection(SolutionConfigurationPlatforms) = preSolution
		Debug|Any CPU = Debug|Any CPU
		Release|Any CPU = Release|Any CPU
	EndGlobalSection
	GlobalSection(ProjectConfigurationPlatforms) = postSolution
		{31C143AB-77BC-4F91-B87A-D786F696539F}.Debug|Any CPU.ActiveCfg = Debug|Any CPU
		{31C143AB-77BC-4F91-B87A-D786F696539F}.Debug|Any CPU.Build.0 = Debug|Any CPU
		{31C143AB-77BC-4F91-B87A-D786F696539F}.Release|Any CPU.ActiveCfg = Release|Any CPU
		{31C143AB-77BC-4F91-B87A-D786F696539F}.Release|Any CPU.Build.0 = Release|Any CPU
	EndGlobalSection
	GlobalSection(SolutionProperties) = preSolution
		HideSolutionNode = FALSE
	EndGlobalSection
	GlobalSection(ExtensibilityGlobals) = postSolution
		SolutionGuid = {C06B5ADC-B1C8-48A7-BDE7-1F4C096B7575}
	EndGlobalSection
EndGlobal
